
Microsoft Visual Studio Solution File, Format Version 12.00
# Visual Studio Version 16
VisualStudioVersion = 16.0.36602.28
MinimumVisualStudioVersion = 10.0.40219.1
Project("{FAE04EC0-301F-11D3-BF4B-00C04F79EFBC}") = "MonitorAgentService_AnalysisDisplayer", "MonitorAgentService_AnalysisDisplayer\MonitorAgentService_AnalysisDisplayer.csproj", "{6BADE542-922E-4669-A320-658B3D39D649}"
EndProject
Global
	GlobalSection(SolutionConfigurationPlatforms) = preSolution
		Debug|Any CPU = Debug|Any CPU
		Release|Any CPU = Release|Any CPU
	EndGlobalSection
	GlobalSection(ProjectConfigurationPlatforms) = postSolution
		{6BADE542-922E-4669-A320-658B3D39D649}.Debug|Any CPU.ActiveCfg = Debug|Any CPU
		{6BADE542-922E-4669-A320-658B3D39D649}.Debug|Any CPU.Build.0 = Debug|Any CPU
		{6BADE542-922E-4669-A320-658B3D39D649}.Release|Any CPU.ActiveCfg = Release|Any CPU
		{6BADE542-922E-4669-A320-658B3D39D649}.Release|Any CPU.Build.0 = Release|Any CPU
	EndGlobalSection
	GlobalSection(SolutionProperties) = preSolution
		HideSolutionNode = FALSE
	EndGlobalSection
	GlobalSection(ExtensibilityGlobals) = postSolution
		SolutionGuid = {6FDB0312-78E2-49CE-9581-FF36B8EE09A7}
	EndGlobalSection
EndGlobal
